Microsoft Visual Studio Solution File, Format Version 12.00
# Visual Studio 15
VisualStudioVersion = 15.0.27130.2036
MinimumVisualStudioVersion = 10.0.40219.1
Project("{FAE04EC0-301F-11D3-BF4B-00C04F79EFBC}") = "KshToVox", "KshToVox.window\KshToVox.csproj", "{4257273C-BEB2-4B78-A703-A2EE169D836B}"
EndProject
Project("{FAE04EC0-301F-11D3-BF4B-00C04F79EFBC}") = "SongList", "SongList\SongList.csproj", "{8EA42A3B-39AC-4347-A930-D6F7A7B28576}"
EndProject
Project("{FAE04EC0-301F-11D3-BF4B-00C04F79EFBC}") = "IfsParse", "IfsParse\IfsParse.csproj", "{F2ADF342-A8BB-47E7-BD3D-534E39608B4E}"
EndProject
Project("{FAE04EC0-301F-11D3-BF4B-00C04F79EFBC}") = "AutoLoad", "AutoLoad\AutoLoad.csproj", "{79F88874-650F-4279-8994-B2FCD169A052}"
EndProject
Project("{FAE04EC0-301F-11D3-BF4B-00C04F79EFBC}") = "Utility", "Utility\Utility.csproj", "{1FA8383B-D1A1-468D-A871-AB0570624044}"
EndProject
Project("{FAE04EC0-301F-11D3-BF4B-00C04F79EFBC}") = "ConsoleApp1", "ConsoleApp1\ConsoleApp1.csproj", "{CB3B1F13-B825-42FC-9AB1-38FE0BEC2940}"
EndProject
Project("{FAE04EC0-301F-11D3-BF4B-00C04F79EFBC}") = "GenereateUpdateXML", "GenereateUpdateXML\GenereateUpdateXML.csproj", "{A3C7B41A-08B3-4DC6-8662-F410E5BAF418}"
EndProject
Project("{FAE04EC0-301F-11D3-BF4B-00C04F79EFBC}") = "SharpUpdate", "SharpUpdate\SharpUpdate.csproj", "{811C1D69-764F-4335-8363-B93A1D106268}"
EndProject
Global
	GlobalSection(SolutionConfigurationPlatforms) = preSolution
		Debug|Any CPU = Debug|Any CPU
		Debug|ARM = Debug|ARM
		Debug|x64 = Debug|x64
		Debug|x86 = Debug|x86
		Release|Any CPU = Release|Any CPU
		Release|ARM = Release|ARM
		Release|x64 = Release|x64
		Release|x86 = Release|x86
	EndGlobalSection
	GlobalSection(ProjectConfigurationPlatforms) = postSolution
		{4257273C-BEB2-4B78-A703-A2EE169D836B}.Debug|Any CPU.ActiveCfg = Debug|Any CPU
		{4257273C-BEB2-4B78-A703-A2EE169D836B}.Debug|Any CPU.Build.0 = Debug|Any CPU
		{4257273C-BEB2-4B78-A703-A2EE169D836B}.Debug|ARM.ActiveCfg = Debug|Any CPU
		{4257273C-BEB2-4B78-A703-A2EE169D836B}.Debug|ARM.Build.0 = Debug|Any CPU
		{4257273C-BEB2-4B78-A703-A2EE169D836B}.Debug|x64.ActiveCfg = Debug|Any CPU
		{4257273C-BEB2-4B78-A703-A2EE169D836B}.Debug|x64.Build.0 = Debug|Any CPU
		{4257273C-BEB2-4B78-A703-A2EE169D836B}.Debug|x86.ActiveCfg = Debug|Any CPU
		{4257273C-BEB2-4B78-A703-A2EE169D836B}.Debug|x86.Build.0 = Debug|Any CPU
		{4257273C-BEB2-4B78-A703-A2EE169D836B}.Release|Any CPU.ActiveCfg = Release|Any CPU
		{4257273C-BEB2-4B78-A703-A2EE169D836B}.Release|Any CPU.Build.0 = Release|Any CPU
		{4257273C-BEB2-4B78-A703-A2EE169D836B}.Release|ARM.ActiveCfg = Release|Any CPU
		{4257273C-BEB2-4B78-A703-A2EE169D836B}.Release|ARM.Build.0 = Release|Any CPU
		{4257273C-BEB2-4B78-A703-A2EE169D836B}.Release|x64.ActiveCfg = Release|Any CPU
		{4257273C-BEB2-4B78-A703-A2EE169D836B}.Release|x64.Build.0 = Release|Any CPU
		{4257273C-BEB2-4B78-A703-A2EE169D836B}.Release|x86.ActiveCfg = Release|Any CPU
		{4257273C-BEB2-4B78-A703-A2EE169D836B}.Release|x86.Build.0 = Release|Any CPU
		{8EA42A3B-39AC-4347-A930-D6F7A7B28576}.Debug|Any CPU.ActiveCfg = Debug|Any CPU
		{8EA42A3B-39AC-4347-A930-D6F7A7B28576}.Debug|Any CPU.Build.0 = Debug|Any CPU
		{8EA42A3B-39AC-4347-A930-D6F7A7B28576}.Debug|ARM.ActiveCfg = Debug|Any CPU
		{8EA42A3B-39AC-4347-A930-D6F7A7B28576}.Debug|ARM.Build.0 = Debug|Any CPU
		{8EA42A3B-39AC-4347-A930-D6F7A7B28576}.Debug|x64.ActiveCfg = Debug|Any CPU
		{8EA42A3B-39AC-4347-A930-D6F7A7B28576}.Debug|x64.Build.0 = Debug|Any CPU
		{8EA42A3B-39AC-4347-A930-D6F7A7B28576}.Debug|x86.ActiveCfg = Debug|Any CPU
		{8EA42A3B-39AC-4347-A930-D6F7A7B28576}.Debug|x86.Build.0 = Debug|Any CPU
		{8EA42A3B-39AC-4347-A930-D6F7A7B28576}.Release|Any CPU.ActiveCfg = Release|Any CPU
		{8EA42A3B-39AC-4347-A930-D6F7A7B28576}.Release|Any CPU.Build.0 = Release|Any CPU
		{8EA42A3B-39AC-4347-A930-D6F7A7B28576}.Release|ARM.ActiveCfg = Release|Any CPU
		{8EA42A3B-39AC-4347-A930-D6F7A7B28576}.Release|ARM.Build.0 = Release|Any CPU
		{8EA42A3B-39AC-4347-A930-D6F7A7B28576}.Release|x64.ActiveCfg = Release|Any CPU
		{8EA42A3B-39AC-4347-A930-D6F7A7B28576}.Release|x64.Build.0 = Release|Any CPU
		{8EA42A3B-39AC-4347-A930-D6F7A7B28576}.Release|x86.ActiveCfg = Release|Any CPU
		{8EA42A3B-39AC-4347-A930-D6F7A7B28576}.Release|x86.Build.0 = Release|Any CPU
		{F2ADF342-A8BB-47E7-BD3D-534E39608B4E}.Debug|Any CPU.ActiveCfg = Debug|Any CPU
		{F2ADF342-A8BB-47E7-BD3D-534E39608B4E}.Debug|Any CPU.Build.0 = Debug|Any CPU
		{F2ADF342-A8BB-47E7-BD3D-534E39608B4E}.Debug|ARM.ActiveCfg = Debug|Any CPU
		{F2ADF342-A8BB-47E7-BD3D-534E39608B4E}.Debug|ARM.Build.0 = Debug|Any CPU
		{F2ADF342-A8BB-47E7-BD3D-534E39608B4E}.Debug|x64.ActiveCfg = Debug|Any CPU
		{F2ADF342-A8BB-47E7-BD3D-534E39608B4E}.Debug|x64.Build.0 = Debug|Any CPU
		{F2ADF342-A8BB-47E7-BD3D-534E39608B4E}.Debug|x86.ActiveCfg = Debug|Any CPU
		{F2ADF342-A8BB-47E7-BD3D-534E39608B4E}.Debug|x86.Build.0 = Debug|Any CPU
		{F2ADF342-A8BB-47E7-BD3D-534E39608B4E}.Release|Any CPU.ActiveCfg = Release|Any CPU
		{F2ADF342-A8BB-47E7-BD3D-534E39608B4E}.Release|Any CPU.Build.0 = Release|Any CPU
		{F2ADF342-A8BB-47E7-BD3D-534E39608B4E}.Release|ARM.ActiveCfg = Release|Any CPU
		{F2ADF342-A8BB-47E7-BD3D-534E39608B4E}.Release|ARM.Build.0 = Release|Any CPU
		{F2ADF342-A8BB-47E7-BD3D-534E39608B4E}.Release|x64.ActiveCfg = Release|Any CPU
		{F2ADF342-A8BB-47E7-BD3D-534E39608B4E}.Release|x64.Build.0 = Release|Any CPU
		{F2ADF342-A8BB-47E7-BD3D-534E39608B4E}.Release|x86.ActiveCfg = Release|Any CPU
		{F2ADF342-A8BB-47E7-BD3D-534E39608B4E}.Release|x86.Build.0 = Release|Any CPU
		{79F88874-650F-4279-8994-B2FCD169A052}.Debug|Any CPU.ActiveCfg = Debug|Any CPU
		{79F88874-650F-4279-8994-B2FCD169A052}.Debug|Any CPU.Build.0 = Debug|Any CPU
		{79F88874-650F-4279-8994-B2FCD169A052}.Debug|ARM.ActiveCfg = Debug|Any CPU
		{79F88874-650F-4279-8994-B2FCD169A052}.Debug|ARM.Build.0 = Debug|Any CPU
		{79F88874-650F-4279-8994-B2FCD169A052}.Debug|x64.ActiveCfg = Debug|Any CPU
		{79F88874-650F-4279-8994-B2FCD169A052}.Debug|x64.Build.0 = Debug|Any CPU
		{79F88874-650F-4279-8994-B2FCD169A052}.Debug|x86.ActiveCfg = Debug|Any CPU
		{79F88874-650F-4279-8994-B2FCD169A052}.Debug|x86.Build.0 = Debug|Any CPU
		{79F88874-650F-4279-8994-B2FCD169A052}.Release|Any CPU.ActiveCfg = Release|Any CPU
		{79F88874-650F-4279-8994-B2FCD169A052}.Release|Any CPU.Build.0 = Release|Any CPU
		{79F88874-650F-4279-8994-B2FCD169A052}.Release|ARM.ActiveCfg = Release|Any CPU
		{79F88874-650F-4279-8994-B2FCD169A052}.Release|ARM.Build.0 = Release|Any CPU
		{79F88874-650F-4279-8994-B2FCD169A052}.Release|x64.ActiveCfg = Release|Any CPU
		{79F88874-650F-4279-8994-B2FCD169A052}.Release|x64.Build.0 = Release|Any CPU
		{79F88874-650F-4279-8994-B2FCD169A052}.Release|x86.ActiveCfg = Release|Any CPU
		{79F88874-650F-4279-8994-B2FCD169A052}.Release|x86.Build.0 = Release|Any CPU
		{1FA8383B-D1A1-468D-A871-AB0570624044}.Debug|Any CPU.ActiveCfg = Debug|Any CPU
		{1FA8383B-D1A1-468D-A871-AB0570624044}.Debug|Any CPU.Build.0 = Debug|Any CPU
		{1FA8383B-D1A1-468D-A871-AB0570624044}.Debug|ARM.ActiveCfg = Debug|Any CPU
		{1FA8383B-D1A1-468D-A871-AB0570624044}.Debug|ARM.Build.0 = Debug|Any CPU
		{1FA8383B-D1A1-468D-A871-AB0570624044}.Debug|x64.ActiveCfg = Debug|Any CPU
		{1FA8383B-D1A1-468D-A871-AB0570624044}.Debug|x64.Build.0 = Debug|Any CPU
		{1FA8383B-D1A1-468D-A871-AB0570624044}.Debug|x86.ActiveCfg = Debug|Any CPU
		{1FA8383B-D1A1-468D-A871-AB0570624044}.Debug|x86.Build.0 = Debug|Any CPU
		{1FA8383B-D1A1-468D-A871-AB0570624044}.Release|Any CPU.ActiveCfg = Release|Any CPU
		{1FA8383B-D1A1-468D-A871-AB0570624044}.Release|Any CPU.Build.0 = Release|Any CPU
		{1FA8383B-D1A1-468D-A871-AB0570624044}.Release|ARM.ActiveCfg = Release|Any CPU
		{1FA8383B-D1A1-468D-A871-AB0570624044}.Release|ARM.Build.0 = Release|Any CPU
		{1FA8383B-D1A1-468D-A871-AB0570624044}.Release|x64.ActiveCfg = Release|Any CPU
		{1FA8383B-D1A1-468D-A871-AB0570624044}.Release|x64.Build.0 = Release|Any CPU
		{1FA8383B-D1A1-468D-A871-AB0570624044}.Release|x86.ActiveCfg = Release|Any CPU
		{1FA8383B-D1A1-468D-A871-AB0570624044}.Release|x86.Build.0 = Release|Any CPU
		{CB3B1F13-B825-42FC-9AB1-38FE0BEC2940}.Debug|Any CPU.ActiveCfg = Debug|Any CPU
		{CB3B1F13-B825-42FC-9AB1-38FE0BEC2940}.Debug|Any CPU.Build.0 = Debug|Any CPU
		{CB3B1F13-B825-42FC-9AB1-38FE0BEC2940}.Debug|ARM.ActiveCfg = Debug|Any CPU
		{CB3B1F13-B825-42FC-9AB1-38FE0BEC2940}.Debug|ARM.Build.0 = Debug|Any CPU
		{CB3B1F13-B825-42FC-9AB1-38FE0BEC2940}.Debug|x64.ActiveCfg = Debug|Any CPU
		{CB3B1F13-B825-42FC-9AB1-38FE0BEC2940}.Debug|x64.Build.0 = Debug|Any CPU
		{CB3B1F13-B825-42FC-9AB1-38FE0BEC2940}.Debug|x86.ActiveCfg = Debug|Any CPU
		{CB3B1F13-B825-42FC-9AB1-38FE0BEC2940}.Debug|x86.Build.0 = Debug|Any CPU
		{CB3B1F13-B825-42FC-9AB1-38FE0BEC2940}.Release|Any CPU.ActiveCfg = Release|Any CPU
		{CB3B1F13-B825-42FC-9AB1-38FE0BEC2940}.Release|Any CPU.Build.0 = Release|Any CPU
		{CB3B1F13-B825-42FC-9AB1-38FE0BEC2940}.Release|ARM.ActiveCfg = Release|Any CPU
		{CB3B1F13-B825-42FC-9AB1-38FE0BEC2940}.Release|ARM.Build.0 = Release|Any CPU
		{CB3B1F13-B825-42FC-9AB1-38FE0BEC2940}.Release|x64.ActiveCfg = Release|Any CPU
		{CB3B1F13-B825-42FC-9AB1-38FE0BEC2940}.Release|x64.Build.0 = Release|Any CPU
		{CB3B1F13-B825-42FC-9AB1-38FE0BEC2940}.Release|x86.ActiveCfg = Release|Any CPU
		{CB3B1F13-B825-42FC-9AB1-38FE0BEC2940}.Release|x86.Build.0 = Release|Any CPU
		{A3C7B41A-08B3-4DC6-8662-F410E5BAF418}.Debug|Any CPU.ActiveCfg = Debug|Any CPU
		{A3C7B41A-08B3-4DC6-8662-F410E5BAF418}.Debug|Any CPU.Build.0 = Debug|Any CPU
		{A3C7B41A-08B3-4DC6-8662-F410E5BAF418}.Debug|ARM.ActiveCfg = Debug|Any CPU
		{A3C7B41A-08B3-4DC6-8662-F410E5BAF418}.Debug|ARM.Build.0 = Debug|Any CPU
		{A3C7B41A-08B3-4DC6-8662-F410E5BAF418}.Debug|x64.ActiveCfg = Debug|Any CPU
		{A3C7B41A-08B3-4DC6-8662-F410E5BAF418}.Debug|x64.Build.0 = Debug|Any CPU
		{A3C7B41A-08B3-4DC6-8662-F410E5BAF418}.Debug|x86.ActiveCfg = Debug|Any CPU
		{A3C7B41A-08B3-4DC6-8662-F410E5BAF418}.Debug|x86.Build.0 = Debug|Any CPU
		{A3C7B41A-08B3-4DC6-8662-F410E5BAF418}.Release|Any CPU.ActiveCfg = Release|Any CPU
		{A3C7B41A-08B3-4DC6-8662-F410E5BAF418}.Release|Any CPU.Build.0 = Release|Any CPU
		{A3C7B41A-08B3-4DC6-8662-F410E5BAF418}.Release|ARM.ActiveCfg = Release|Any CPU
		{A3C7B41A-08B3-4DC6-8662-F410E5BAF418}.Release|ARM.Build.0 = Release|Any CPU
		{A3C7B41A-08B3-4DC6-8662-F410E5BAF418}.Release|x64.ActiveCfg = Release|Any CPU
		{A3C7B41A-08B3-4DC6-8662-F410E5BAF418}.Release|x64.Build.0 = Release|Any CPU
		{A3C7B41A-08B3-4DC6-8662-F410E5BAF418}.Release|x86.ActiveCfg = Release|Any CPU
		{A3C7B41A-08B3-4DC6-8662-F410E5BAF418}.Release|x86.Build.0 = Release|Any CPU
		{811C1D69-764F-4335-8363-B93A1D106268}.Debug|Any CPU.ActiveCfg = Debug|Any CPU
		{811C1D69-764F-4335-8363-B93A1D106268}.Debug|Any CPU.Build.0 = Debug|Any CPU
		{811C1D69-764F-4335-8363-B93A1D106268}.Debug|ARM.ActiveCfg = Debug|Any CPU
		{811C1D69-764F-4335-8363-B93A1D106268}.Debug|ARM.Build.0 = Debug|Any CPU
		{811C1D69-764F-4335-8363-B93A1D106268}.Debug|x64.ActiveCfg = Debug|Any CPU
		{811C1D69-764F-4335-8363-B93A1D106268}.Debug|x64.Build.0 = Debug|Any CPU
		{811C1D69-764F-4335-8363-B93A1D106268}.Debug|x86.ActiveCfg = Debug|Any CPU
		{811C1D69-764F-4335-8363-B93A1D106268}.Debug|x86.Build.0 = Debug|Any CPU
		{811C1D69-764F-4335-8363-B93A1D106268}.Release|Any CPU.ActiveCfg = Release|Any CPU
		{811C1D69-764F-4335-8363-B93A1D106268}.Release|Any CPU.Build.0 = Release|Any CPU
		{811C1D69-764F-4335-8363-B93A1D106268}.Release|ARM.ActiveCfg = Release|Any CPU
		{811C1D69-764F-4335-8363-B93A1D106268}.Release|ARM.Build.0 = Release|Any CPU
		{811C1D69-764F-4335-8363-B93A1D106268}.Release|x64.ActiveCfg = Release|Any CPU
		{811C1D69-764F-4335-8363-B93A1D106268}.Release|x64.Build.0 = Release|Any CPU
		{811C1D69-764F-4335-8363-B93A1D106268}.Release|x86.ActiveCfg = Release|Any CPU
		{811C1D69-764F-4335-8363-B93A1D106268}.Release|x86.Build.0 = Release|Any CPU
	EndGlobalSection
	GlobalSection(SolutionProperties) = preSolution
		HideSolutionNode = FALSE
	EndGlobalSection
	GlobalSection(ExtensibilityGlobals) = postSolution
		SolutionGuid = {5B679F15-A0CE-4DC0-B250-943372594641}
	EndGlobalSection
EndGlobal
